
Microsoft Visual Studio Solution File, Format Version 12.00
Project("{FAE04EC0-301F-11D3-BF4B-00C04F79EFBC}") = "Generic", "Generic\Generic.csproj", "{372BB295-4EC1-4053-A471-8079F117390F}"
EndProject
Global
	GlobalSection(SolutionConfigurationPlatforms) = preSolution
		Debug|Any CPU = Debug|Any CPU
		Release|Any CPU = Release|Any CPU
	EndGlobalSection
	GlobalSection(ProjectConfigurationPlatforms) = postSolution
		{372BB295-4EC1-4053-A471-8079F117390F}.Debug|Any CPU.ActiveCfg = Debug|Any CPU
		{372BB295-4EC1-4053-A471-8079F117390F}.Debug|Any CPU.Build.0 = Debug|Any CPU
		{372BB295-4EC1-4053-A471-8079F117390F}.Release|Any CPU.ActiveCfg = Release|Any CPU
		{372BB295-4EC1-4053-A471-8079F117390F}.Release|Any CPU.Build.0 = Release|Any CPU
	EndGlobalSection
EndGlobal
